
Microsoft Visual Studio Solution File, Format Version 12.00
# Visual Studio Version 17
VisualStudioVersion = 17.8.34330.188
MinimumVisualStudioVersion = 10.0.40219.1
Project("{8BC9CEB8-8B4A-11D0-8D11-00A0C91BC942}") = "zad 11", "zad 11\zad 11.vcxproj", "{DEC430FB-2E71-436D-AFE4-D19ED7A8A082}"
EndProject
Global
	GlobalSection(SolutionConfigurationPlatforms) = preSolution
		Debug|x64 = Debug|x64
		Debug|x86 = Debug|x86
		Release|x64 = Release|x64
		Release|x86 = Release|x86
	EndGlobalSection
	GlobalSection(ProjectConfigurationPlatforms) = postSolution
		{DEC430FB-2E71-436D-AFE4-D19ED7A8A082}.Debug|x64.ActiveCfg = Debug|x64
		{DEC430FB-2E71-436D-AFE4-D19ED7A8A082}.Debug|x64.Build.0 = Debug|x64
		{DEC430FB-2E71-436D-AFE4-D19ED7A8A082}.Debug|x86.ActiveCfg = Debug|Win32
		{DEC430FB-2E71-436D-AFE4-D19ED7A8A082}.Debug|x86.Build.0 = Debug|Win32
		{DEC430FB-2E71-436D-AFE4-D19ED7A8A082}.Release|x64.ActiveCfg = Release|x64
		{DEC430FB-2E71-436D-AFE4-D19ED7A8A082}.Release|x64.Build.0 = Release|x64
		{DEC430FB-2E71-436D-AFE4-D19ED7A8A082}.Release|x86.ActiveCfg = Release|Win32
		{DEC430FB-2E71-436D-AFE4-D19ED7A8A082}.Release|x86.Build.0 = Release|Win32
	EndGlobalSection
	GlobalSection(SolutionProperties) = preSolution
		HideSolutionNode = FALSE
	EndGlobalSection
	GlobalSection(ExtensibilityGlobals) = postSolution
		SolutionGuid = {786C2609-3ADA-4A2B-A15A-D1DBE34EED01}
	EndGlobalSection
EndGlobal
